
Microsoft Visual Studio Solution File, Format Version 12.00
# Visual Studio Version 17
VisualStudioVersion = 17.0.31903.59
MinimumVisualStudioVersion = 10.0.40219.1
Project("{2150E333-8FDC-42A3-9474-1A3956D46DE8}") = "src", "src", "{827E0CD3-B72D-47B6-A68D-7590B98EB39B}"
EndProject
Project("{2150E333-8FDC-42A3-9474-1A3956D46DE8}") = "Modules", "Modules", "{EC447DCF-ABFA-6E24-52A5-D7FD48A5C558}"
EndProject
Project("{FAE04EC0-301F-11D3-BF4B-00C04F79EFBC}") = "Pitbull.Core", "src\Modules\Pitbull.Core\Pitbull.Core.csproj", "{12C9F4DC-D5EC-4150-A2F5-6FFECB537FA2}"
EndProject
Project("{FAE04EC0-301F-11D3-BF4B-00C04F79EFBC}") = "Pitbull.Projects", "src\Modules\Pitbull.Projects\Pitbull.Projects.csproj", "{AF82CD20-8BF4-43B1-92D1-D6088C843C45}"
EndProject
Project("{FAE04EC0-301F-11D3-BF4B-00C04F79EFBC}") = "Pitbull.Bids", "src\Modules\Pitbull.Bids\Pitbull.Bids.csproj", "{483CDA82-66DB-4013-BF00-31DF2DF00ACA}"
EndProject
Project("{FAE04EC0-301F-11D3-BF4B-00C04F79EFBC}") = "Pitbull.Contracts", "src\Modules\Pitbull.Contracts\Pitbull.Contracts.csproj", "{2B4F2B6F-07A6-4CA3-B794-69B69FD1CAD6}"
EndProject
Project("{FAE04EC0-301F-11D3-BF4B-00C04F79EFBC}") = "Pitbull.Documents", "src\Modules\Pitbull.Documents\Pitbull.Documents.csproj", "{E859ECA9-0F6E-4BFA-BB50-D0AE54A35230}"
EndProject
Project("{FAE04EC0-301F-11D3-BF4B-00C04F79EFBC}") = "Pitbull.Portal", "src\Modules\Pitbull.Portal\Pitbull.Portal.csproj", "{91534129-EF19-452A-9FF0-32F35E877947}"
EndProject
Project("{FAE04EC0-301F-11D3-BF4B-00C04F79EFBC}") = "Pitbull.Billing", "src\Modules\Pitbull.Billing\Pitbull.Billing.csproj", "{28D80E0A-7F29-40AB-BFC9-B4205D90BEA1}"
EndProject
Project("{FAE04EC0-301F-11D3-BF4B-00C04F79EFBC}") = "Pitbull.Email", "src\Infrastructure\Pitbull.Email\Pitbull.Email.csproj", "{03390A64-520B-4626-B85C-AE0215CF42C6}"
EndProject
Project("{FAE04EC0-301F-11D3-BF4B-00C04F79EFBC}") = "Pitbull.Storage", "src\Infrastructure\Pitbull.Storage\Pitbull.Storage.csproj", "{DAB34C23-136D-414C-AEAB-4F225144BF44}"
EndProject
Project("{FAE04EC0-301F-11D3-BF4B-00C04F79EFBC}") = "Pitbull.Messaging", "src\Infrastructure\Pitbull.Messaging\Pitbull.Messaging.csproj", "{841EE558-4497-485F-920A-0CE59C5B8D8D}"
EndProject
Project("{FAE04EC0-301F-11D3-BF4B-00C04F79EFBC}") = "Pitbull.Api", "src\Pitbull.Api\Pitbull.Api.csproj", "{8DEAC0B2-ADC9-4DA8-9385-D4B5070735DA}"
EndProject
Project("{FAE04EC0-301F-11D3-BF4B-00C04F79EFBC}") = "Pitbull.Tests.Unit", "tests\Pitbull.Tests.Unit\Pitbull.Tests.Unit.csproj", "{117CACE3-93C6-4AA6-A4CE-D531BBE91929}"
EndProject
Project("{FAE04EC0-301F-11D3-BF4B-00C04F79EFBC}") = "Pitbull.Tests.Integration", "tests\Pitbull.Tests.Integration\Pitbull.Tests.Integration.csproj", "{EA22AE97-D4E1-43BD-8577-ED66727D3B38}"
EndProject
Global
	GlobalSection(SolutionConfigurationPlatforms) = preSolution
		Debug|Any CPU = Debug|Any CPU
		Debug|x64 = Debug|x64
		Debug|x86 = Debug|x86
		Release|Any CPU = Release|Any CPU
		Release|x64 = Release|x64
		Release|x86 = Release|x86
	EndGlobalSection
	GlobalSection(ProjectConfigurationPlatforms) = postSolution
		{12C9F4DC-D5EC-4150-A2F5-6FFECB537FA2}.Debug|Any CPU.ActiveCfg = Debug|Any CPU
		{12C9F4DC-D5EC-4150-A2F5-6FFECB537FA2}.Debug|Any CPU.Build.0 = Debug|Any CPU
		{12C9F4DC-D5EC-4150-A2F5-6FFECB537FA2}.Debug|x64.ActiveCfg = Debug|Any CPU
		{12C9F4DC-D5EC-4150-A2F5-6FFECB537FA2}.Debug|x64.Build.0 = Debug|Any CPU
		{12C9F4DC-D5EC-4150-A2F5-6FFECB537FA2}.Debug|x86.ActiveCfg = Debug|Any CPU
		{12C9F4DC-D5EC-4150-A2F5-6FFECB537FA2}.Debug|x86.Build.0 = Debug|Any CPU
		{12C9F4DC-D5EC-4150-A2F5-6FFECB537FA2}.Release|Any CPU.ActiveCfg = Release|Any CPU
		{12C9F4DC-D5EC-4150-A2F5-6FFECB537FA2}.Release|Any CPU.Build.0 = Release|Any CPU
		{12C9F4DC-D5EC-4150-A2F5-6FFECB537FA2}.Release|x64.ActiveCfg = Release|Any CPU
		{12C9F4DC-D5EC-4150-A2F5-6FFECB537FA2}.Release|x64.Build.0 = Release|Any CPU
		{12C9F4DC-D5EC-4150-A2F5-6FFECB537FA2}.Release|x86.ActiveCfg = Release|Any CPU
		{12C9F4DC-D5EC-4150-A2F5-6FFECB537FA2}.Release|x86.Build.0 = Release|Any CPU
		{AF82CD20-8BF4-43B1-92D1-D6088C843C45}.Debug|Any CPU.ActiveCfg = Debug|Any CPU
		{AF82CD20-8BF4-43B1-92D1-D6088C843C45}.Debug|Any CPU.Build.0 = Debug|Any CPU
		{AF82CD20-8BF4-43B1-92D1-D6088C843C45}.Debug|x64.ActiveCfg = Debug|Any CPU
		{AF82CD20-8BF4-43B1-92D1-D6088C843C45}.Debug|x64.Build.0 = Debug|Any CPU
		{AF82CD20-8BF4-43B1-92D1-D6088C843C45}.Debug|x86.ActiveCfg = Debug|Any CPU
		{AF82CD20-8BF4-43B1-92D1-D6088C843C45}.Debug|x86.Build.0 = Debug|Any CPU
		{AF82CD20-8BF4-43B1-92D1-D6088C843C45}.Release|Any CPU.ActiveCfg = Release|Any CPU
		{AF82CD20-8BF4-43B1-92D1-D6088C843C45}.Release|Any CPU.Build.0 = Release|Any CPU
		{AF82CD20-8BF4-43B1-92D1-D6088C843C45}.Release|x64.ActiveCfg = Release|Any CPU
		{AF82CD20-8BF4-43B1-92D1-D6088C843C45}.Release|x64.Build.0 = Release|Any CPU
		{AF82CD20-8BF4-43B1-92D1-D6088C843C45}.Release|x86.ActiveCfg = Release|Any CPU
		{AF82CD20-8BF4-43B1-92D1-D6088C843C45}.Release|x86.Build.0 = Release|Any CPU
		{483CDA82-66DB-4013-BF00-31DF2DF00ACA}.Debug|Any CPU.ActiveCfg = Debug|Any CPU
		{483CDA82-66DB-4013-BF00-31DF2DF00ACA}.Debug|Any CPU.Build.0 = Debug|Any CPU
		{483CDA82-66DB-4013-BF00-31DF2DF00ACA}.Debug|x64.ActiveCfg = Debug|Any CPU
		{483CDA82-66DB-4013-BF00-31DF2DF00ACA}.Debug|x64.Build.0 = Debug|Any CPU
		{483CDA82-66DB-4013-BF00-31DF2DF00ACA}.Debug|x86.ActiveCfg = Debug|Any CPU
		{483CDA82-66DB-4013-BF00-31DF2DF00ACA}.Debug|x86.Build.0 = Debug|Any CPU
		{483CDA82-66DB-4013-BF00-31DF2DF00ACA}.Release|Any CPU.ActiveCfg = Release|Any CPU
		{483CDA82-66DB-4013-BF00-31DF2DF00ACA}.Release|Any CPU.Build.0 = Release|Any CPU
		{483CDA82-66DB-4013-BF00-31DF2DF00ACA}.Release|x64.ActiveCfg = Release|Any CPU
		{483CDA82-66DB-4013-BF00-31DF2DF00ACA}.Release|x64.Build.0 = Release|Any CPU
		{483CDA82-66DB-4013-BF00-31DF2DF00ACA}.Release|x86.ActiveCfg = Release|Any CPU
		{483CDA82-66DB-4013-BF00-31DF2DF00ACA}.Release|x86.Build.0 = Release|Any CPU
		{2B4F2B6F-07A6-4CA3-B794-69B69FD1CAD6}.Debug|Any CPU.ActiveCfg = Debug|Any CPU
		{2B4F2B6F-07A6-4CA3-B794-69B69FD1CAD6}.Debug|Any CPU.Build.0 = Debug|Any CPU
		{2B4F2B6F-07A6-4CA3-B794-69B69FD1CAD6}.Debug|x64.ActiveCfg = Debug|Any CPU
		{2B4F2B6F-07A6-4CA3-B794-69B69FD1CAD6}.Debug|x64.Build.0 = Debug|Any CPU
		{2B4F2B6F-07A6-4CA3-B794-69B69FD1CAD6}.Debug|x86.ActiveCfg = Debug|Any CPU
		{2B4F2B6F-07A6-4CA3-B794-69B69FD1CAD6}.Debug|x86.Build.0 = Debug|Any CPU
		{2B4F2B6F-07A6-4CA3-B794-69B69FD1CAD6}.Release|Any CPU.ActiveCfg = Release|Any CPU
		{2B4F2B6F-07A6-4CA3-B794-69B69FD1CAD6}.Release|Any CPU.Build.0 = Release|Any CPU
		{2B4F2B6F-07A6-4CA3-B794-69B69FD1CAD6}.Release|x64.ActiveCfg = Release|Any CPU
		{2B4F2B6F-07A6-4CA3-B794-69B69FD1CAD6}.Release|x64.Build.0 = Release|Any CPU
		{2B4F2B6F-07A6-4CA3-B794-69B69FD1CAD6}.Release|x86.ActiveCfg = Release|Any CPU
		{2B4F2B6F-07A6-4CA3-B794-69B69FD1CAD6}.Release|x86.Build.0 = Release|Any CPU
		{E859ECA9-0F6E-4BFA-BB50-D0AE54A35230}.Debug|Any CPU.ActiveCfg = Debug|Any CPU
		{E859ECA9-0F6E-4BFA-BB50-D0AE54A35230}.Debug|Any CPU.Build.0 = Debug|Any CPU
		{E859ECA9-0F6E-4BFA-BB50-D0AE54A35230}.Debug|x64.ActiveCfg = Debug|Any CPU
		{E859ECA9-0F6E-4BFA-BB50-D0AE54A35230}.Debug|x64.Build.0 = Debug|Any CPU
		{E859ECA9-0F6E-4BFA-BB50-D0AE54A35230}.Debug|x86.ActiveCfg = Debug|Any CPU
		{E859ECA9-0F6E-4BFA-BB50-D0AE54A35230}.Debug|x86.Build.0 = Debug|Any CPU
		{E859ECA9-0F6E-4BFA-BB50-D0AE54A35230}.Release|Any CPU.ActiveCfg = Release|Any CPU
		{E859ECA9-0F6E-4BFA-BB50-D0AE54A35230}.Release|Any CPU.Build.0 = Release|Any CPU
		{E859ECA9-0F6E-4BFA-BB50-D0AE54A35230}.Release|x64.ActiveCfg = Release|Any CPU
		{E859ECA9-0F6E-4BFA-BB50-D0AE54A35230}.Release|x64.Build.0 = Release|Any CPU
		{E859ECA9-0F6E-4BFA-BB50-D0AE54A35230}.Release|x86.ActiveCfg = Release|Any CPU
		{E859ECA9-0F6E-4BFA-BB50-D0AE54A35230}.Release|x86.Build.0 = Release|Any CPU
		{91534129-EF19-452A-9FF0-32F35E877947}.Debug|Any CPU.ActiveCfg = Debug|Any CPU
		{91534129-EF19-452A-9FF0-32F35E877947}.Debug|Any CPU.Build.0 = Debug|Any CPU
		{91534129-EF19-452A-9FF0-32F35E877947}.Debug|x64.ActiveCfg = Debug|Any CPU
		{91534129-EF19-452A-9FF0-32F35E877947}.Debug|x64.Build.0 = Debug|Any CPU
		{91534129-EF19-452A-9FF0-32F35E877947}.Debug|x86.ActiveCfg = Debug|Any CPU
		{91534129-EF19-452A-9FF0-32F35E877947}.Debug|x86.Build.0 = Debug|Any CPU
		{91534129-EF19-452A-9FF0-32F35E877947}.Release|Any CPU.ActiveCfg = Release|Any CPU
		{91534129-EF19-452A-9FF0-32F35E877947}.Release|Any CPU.Build.0 = Release|Any CPU
		{91534129-EF19-452A-9FF0-32F35E877947}.Release|x64.ActiveCfg = Release|Any CPU
		{91534129-EF19-452A-9FF0-32F35E877947}.Release|x64.Build.0 = Release|Any CPU
		{91534129-EF19-452A-9FF0-32F35E877947}.Release|x86.ActiveCfg = Release|Any CPU
		{91534129-EF19-452A-9FF0-32F35E877947}.Release|x86.Build.0 = Release|Any CPU
		{28D80E0A-7F29-40AB-BFC9-B4205D90BEA1}.Debug|Any CPU.ActiveCfg = Debug|Any CPU
		{28D80E0A-7F29-40AB-BFC9-B4205D90BEA1}.Debug|Any CPU.Build.0 = Debug|Any CPU
		{28D80E0A-7F29-40AB-BFC9-B4205D90BEA1}.Debug|x64.ActiveCfg = Debug|Any CPU
		{28D80E0A-7F29-40AB-BFC9-B4205D90BEA1}.Debug|x64.Build.0 = Debug|Any CPU
		{28D80E0A-7F29-40AB-BFC9-B4205D90BEA1}.Debug|x86.ActiveCfg = Debug|Any CPU
		{28D80E0A-7F29-40AB-BFC9-B4205D90BEA1}.Debug|x86.Build.0 = Debug|Any CPU
		{28D80E0A-7F29-40AB-BFC9-B4205D90BEA1}.Release|Any CPU.ActiveCfg = Release|Any CPU
		{28D80E0A-7F29-40AB-BFC9-B4205D90BEA1}.Release|Any CPU.Build.0 = Release|Any CPU
		{28D80E0A-7F29-40AB-BFC9-B4205D90BEA1}.Release|x64.ActiveCfg = Release|Any CPU
		{28D80E0A-7F29-40AB-BFC9-B4205D90BEA1}.Release|x64.Build.0 = Release|Any CPU
		{28D80E0A-7F29-40AB-BFC9-B4205D90BEA1}.Release|x86.ActiveCfg = Release|Any CPU
		{28D80E0A-7F29-40AB-BFC9-B4205D90BEA1}.Release|x86.Build.0 = Release|Any CPU
		{03390A64-520B-4626-B85C-AE0215CF42C6}.Debug|Any CPU.ActiveCfg = Debug|Any CPU
		{03390A64-520B-4626-B85C-AE0215CF42C6}.Debug|Any CPU.Build.0 = Debug|Any CPU
		{03390A64-520B-4626-B85C-AE0215CF42C6}.Debug|x64.ActiveCfg = Debug|Any CPU
		{03390A64-520B-4626-B85C-AE0215CF42C6}.Debug|x64.Build.0 = Debug|Any CPU
		{03390A64-520B-4626-B85C-AE0215CF42C6}.Debug|x86.ActiveCfg = Debug|Any CPU
		{03390A64-520B-4626-B85C-AE0215CF42C6}.Debug|x86.Build.0 = Debug|Any CPU
		{03390A64-520B-4626-B85C-AE0215CF42C6}.Release|Any CPU.ActiveCfg = Release|Any CPU
		{03390A64-520B-4626-B85C-AE0215CF42C6}.Release|Any CPU.Build.0 = Release|Any CPU
		{03390A64-520B-4626-B85C-AE0215CF42C6}.Release|x64.ActiveCfg = Release|Any CPU
		{03390A64-520B-4626-B85C-AE0215CF42C6}.Release|x64.Build.0 = Release|Any CPU
		{03390A64-520B-4626-B85C-AE0215CF42C6}.Release|x86.ActiveCfg = Release|Any CPU
		{03390A64-520B-4626-B85C-AE0215CF42C6}.Release|x86.Build.0 = Release|Any CPU
		{DAB34C23-136D-414C-AEAB-4F225144BF44}.Debug|Any CPU.ActiveCfg = Debug|Any CPU
		{DAB34C23-136D-414C-AEAB-4F225144BF44}.Debug|Any CPU.Build.0 = Debug|Any CPU
		{DAB34C23-136D-414C-AEAB-4F225144BF44}.Debug|x64.ActiveCfg = Debug|Any CPU
		{DAB34C23-136D-414C-AEAB-4F225144BF44}.Debug|x64.Build.0 = Debug|Any CPU
		{DAB34C23-136D-414C-AEAB-4F225144BF44}.Debug|x86.ActiveCfg = Debug|Any CPU
		{DAB34C23-136D-414C-AEAB-4F225144BF44}.Debug|x86.Build.0 = Debug|Any CPU
		{DAB34C23-136D-414C-AEAB-4F225144BF44}.Release|Any CPU.ActiveCfg = Release|Any CPU
		{DAB34C23-136D-414C-AEAB-4F225144BF44}.Release|Any CPU.Build.0 = Release|Any CPU
		{DAB34C23-136D-414C-AEAB-4F225144BF44}.Release|x64.ActiveCfg = Release|Any CPU
		{DAB34C23-136D-414C-AEAB-4F225144BF44}.Release|x64.Build.0 = Release|Any CPU
		{DAB34C23-136D-414C-AEAB-4F225144BF44}.Release|x86.ActiveCfg = Release|Any CPU
		{DAB34C23-136D-414C-AEAB-4F225144BF44}.Release|x86.Build.0 = Release|Any CPU
		{841EE558-4497-485F-920A-0CE59C5B8D8D}.Debug|Any CPU.ActiveCfg = Debug|Any CPU
		{841EE558-4497-485F-920A-0CE59C5B8D8D}.Debug|Any CPU.Build.0 = Debug|Any CPU
		{841EE558-4497-485F-920A-0CE59C5B8D8D}.Debug|x64.ActiveCfg = Debug|Any CPU
		{841EE558-4497-485F-920A-0CE59C5B8D8D}.Debug|x64.Build.0 = Debug|Any CPU
		{841EE558-4497-485F-920A-0CE59C5B8D8D}.Debug|x86.ActiveCfg = Debug|Any CPU
		{841EE558-4497-485F-920A-0CE59C5B8D8D}.Debug|x86.Build.0 = Debug|Any CPU
		{841EE558-4497-485F-920A-0CE59C5B8D8D}.Release|Any CPU.ActiveCfg = Release|Any CPU
		{841EE558-4497-485F-920A-0CE59C5B8D8D}.Release|Any CPU.Build.0 = Release|Any CPU
		{841EE558-4497-485F-920A-0CE59C5B8D8D}.Release|x64.ActiveCfg = Release|Any CPU
		{841EE558-4497-485F-920A-0CE59C5B8D8D}.Release|x64.Build.0 = Release|Any CPU
		{841EE558-4497-485F-920A-0CE59C5B8D8D}.Release|x86.ActiveCfg = Release|Any CPU
		{841EE558-4497-485F-920A-0CE59C5B8D8D}.Release|x86.Build.0 = Release|Any CPU
		{8DEAC0B2-ADC9-4DA8-9385-D4B5070735DA}.Debug|Any CPU.ActiveCfg = Debug|Any CPU
		{8DEAC0B2-ADC9-4DA8-9385-D4B5070735DA}.Debug|Any CPU.Build.0 = Debug|Any CPU
		{8DEAC0B2-ADC9-4DA8-9385-D4B5070735DA}.Debug|x64.ActiveCfg = Debug|Any CPU
		{8DEAC0B2-ADC9-4DA8-9385-D4B5070735DA}.Debug|x64.Build.0 = Debug|Any CPU
		{8DEAC0B2-ADC9-4DA8-9385-D4B5070735DA}.Debug|x86.ActiveCfg = Debug|Any CPU
		{8DEAC0B2-ADC9-4DA8-9385-D4B5070735DA}.Debug|x86.Build.0 = Debug|Any CPU
		{8DEAC0B2-ADC9-4DA8-9385-D4B5070735DA}.Release|Any CPU.ActiveCfg = Release|Any CPU
		{8DEAC0B2-ADC9-4DA8-9385-D4B5070735DA}.Release|Any CPU.Build.0 = Release|Any CPU
		{8DEAC0B2-ADC9-4DA8-9385-D4B5070735DA}.Release|x64.ActiveCfg = Release|Any CPU
		{8DEAC0B2-ADC9-4DA8-9385-D4B5070735DA}.Release|x64.Build.0 = Release|Any CPU
		{8DEAC0B2-ADC9-4DA8-9385-D4B5070735DA}.Release|x86.ActiveCfg = Release|Any CPU
		{8DEAC0B2-ADC9-4DA8-9385-D4B5070735DA}.Release|x86.Build.0 = Release|Any CPU
		{117CACE3-93C6-4AA6-A4CE-D531BBE91929}.Debug|Any CPU.ActiveCfg = Debug|Any CPU
		{117CACE3-93C6-4AA6-A4CE-D531BBE91929}.Debug|Any CPU.Build.0 = Debug|Any CPU
		{117CACE3-93C6-4AA6-A4CE-D531BBE91929}.Debug|x64.ActiveCfg = Debug|Any CPU
		{117CACE3-93C6-4AA6-A4CE-D531BBE91929}.Debug|x64.Build.0 = Debug|Any CPU
		{117CACE3-93C6-4AA6-A4CE-D531BBE91929}.Debug|x86.ActiveCfg = Debug|Any CPU
		{117CACE3-93C6-4AA6-A4CE-D531BBE91929}.Debug|x86.Build.0 = Debug|Any CPU
		{117CACE3-93C6-4AA6-A4CE-D531BBE91929}.Release|Any CPU.ActiveCfg = Release|Any CPU
		{117CACE3-93C6-4AA6-A4CE-D531BBE91929}.Release|Any CPU.Build.0 = Release|Any CPU
		{117CACE3-93C6-4AA6-A4CE-D531BBE91929}.Release|x64.ActiveCfg = Release|Any CPU
		{117CACE3-93C6-4AA6-A4CE-D531BBE91929}.Release|x64.Build.0 = Release|Any CPU
		{117CACE3-93C6-4AA6-A4CE-D531BBE91929}.Release|x86.ActiveCfg = Release|Any CPU
		{117CACE3-93C6-4AA6-A4CE-D531BBE91929}.Release|x86.Build.0 = Release|Any CPU
		{EA22AE97-D4E1-43BD-8577-ED66727D3B38}.Debug|Any CPU.ActiveCfg = Debug|Any CPU
		{EA22AE97-D4E1-43BD-8577-ED66727D3B38}.Debug|Any CPU.Build.0 = Debug|Any CPU
		{EA22AE97-D4E1-43BD-8577-ED66727D3B38}.Debug|x64.ActiveCfg = Debug|Any CPU
		{EA22AE97-D4E1-43BD-8577-ED66727D3B38}.Debug|x64.Build.0 = Debug|Any CPU
		{EA22AE97-D4E1-43BD-8577-ED66727D3B38}.Debug|x86.ActiveCfg = Debug|Any CPU
		{EA22AE97-D4E1-43BD-8577-ED66727D3B38}.Debug|x86.Build.0 = Debug|Any CPU
		{EA22AE97-D4E1-43BD-8577-ED66727D3B38}.Release|Any CPU.ActiveCfg = Release|Any CPU
		{EA22AE97-D4E1-43BD-8577-ED66727D3B38}.Release|Any CPU.Build.0 = Release|Any CPU
		{EA22AE97-D4E1-43BD-8577-ED66727D3B38}.Release|x64.ActiveCfg = Release|Any CPU
		{EA22AE97-D4E1-43BD-8577-ED66727D3B38}.Release|x64.Build.0 = Release|Any CPU
		{EA22AE97-D4E1-43BD-8577-ED66727D3B38}.Release|x86.ActiveCfg = Release|Any CPU
		{EA22AE97-D4E1-43BD-8577-ED66727D3B38}.Release|x86.Build.0 = Release|Any CPU
	EndGlobalSection
	GlobalSection(SolutionProperties) = preSolution
		HideSolutionNode = FALSE
	EndGlobalSection
	GlobalSection(NestedProjects) = preSolution
		{EC447DCF-ABFA-6E24-52A5-D7FD48A5C558} = {827E0CD3-B72D-47B6-A68D-7590B98EB39B}
		{12C9F4DC-D5EC-4150-A2F5-6FFECB537FA2} = {EC447DCF-ABFA-6E24-52A5-D7FD48A5C558}
		{AF82CD20-8BF4-43B1-92D1-D6088C843C45} = {EC447DCF-ABFA-6E24-52A5-D7FD48A5C558}
		{483CDA82-66DB-4013-BF00-31DF2DF00ACA} = {EC447DCF-ABFA-6E24-52A5-D7FD48A5C558}
		{2B4F2B6F-07A6-4CA3-B794-69B69FD1CAD6} = {EC447DCF-ABFA-6E24-52A5-D7FD48A5C558}
		{E859ECA9-0F6E-4BFA-BB50-D0AE54A35230} = {EC447DCF-ABFA-6E24-52A5-D7FD48A5C558}
		{91534129-EF19-452A-9FF0-32F35E877947} = {EC447DCF-ABFA-6E24-52A5-D7FD48A5C558}
		{28D80E0A-7F29-40AB-BFC9-B4205D90BEA1} = {EC447DCF-ABFA-6E24-52A5-D7FD48A5C558}
		{03390A64-520B-4626-B85C-AE0215CF42C6} = {EC447DCF-ABFA-6E24-52A5-D7FD48A5C558}
		{DAB34C23-136D-414C-AEAB-4F225144BF44} = {EC447DCF-ABFA-6E24-52A5-D7FD48A5C558}
		{841EE558-4497-485F-920A-0CE59C5B8D8D} = {EC447DCF-ABFA-6E24-52A5-D7FD48A5C558}
		{8DEAC0B2-ADC9-4DA8-9385-D4B5070735DA} = {EC447DCF-ABFA-6E24-52A5-D7FD48A5C558}
		{117CACE3-93C6-4AA6-A4CE-D531BBE91929} = {EC447DCF-ABFA-6E24-52A5-D7FD48A5C558}
		{EA22AE97-D4E1-43BD-8577-ED66727D3B38} = {EC447DCF-ABFA-6E24-52A5-D7FD48A5C558}
	EndGlobalSection
EndGlobal
